
Microsoft Visual Studio Solution File, Format Version 12.00
# Visual Studio Version 17
VisualStudioVersion = 17.3.32929.385
MinimumVisualStudioVersion = 10.0.40219.1
Project("{9A19103F-16F7-4668-BE54-9A1E7A4F7556}") = "LoadOrderModTwo", "LoadOrderModTwo\LoadOrderModTwo.csproj", "{F75E7E61-C575-44A8-AA22-690CD89E9BA2}"
	ProjectSection(ProjectDependencies) = postProject
		{DB8FAB10-147B-484A-A18B-0EFB2B6442E9} = {DB8FAB10-147B-484A-A18B-0EFB2B6442E9}
	EndProjectSection
EndProject
Project("{9A19103F-16F7-4668-BE54-9A1E7A4F7556}") = "LoadOrderIPatch", "LoadOrderIPatch\LoadOrderIPatch.csproj", "{DB8FAB10-147B-484A-A18B-0EFB2B6442E9}"
	ProjectSection(ProjectDependencies) = postProject
		{16FA65D4-EB2B-4863-B95E-8629F97BC9B9} = {16FA65D4-EB2B-4863-B95E-8629F97BC9B9}
	EndProjectSection
EndProject
Project("{9A19103F-16F7-4668-BE54-9A1E7A4F7556}") = "LoadOrderInjections", "LoadOrderInjections\LoadOrderInjections.csproj", "{16FA65D4-EB2B-4863-B95E-8629F97BC9B9}"
EndProject
Project("{2150E333-8FDC-42A3-9474-1A3956D46DE8}") = "Solution Items", "Solution Items", "{FC9A01B9-57E2-40F4-B503-2441379627BA}"
	ProjectSection(SolutionItems) = preProject
		patchloader.txt = patchloader.txt
		TODO = TODO
		Version.props = Version.props
	EndProjectSection
EndProject
Project("{9A19103F-16F7-4668-BE54-9A1E7A4F7556}") = "LoadOrderToolTwo", "LoadOrderToolTwo\LoadOrderToolTwo.csproj", "{ABB03609-79E2-41BA-AD76-39A64906DCDD}"
EndProject
Project("{FAE04EC0-301F-11D3-BF4B-00C04F79EFBC}") = "SlickControls", "..\SlickControls\SlickControls.csproj", "{2C0E1D8A-6619-4116-98EE-3F9E6C937537}"
EndProject
Project("{FAE04EC0-301F-11D3-BF4B-00C04F79EFBC}") = "Extensions", "..\Extensions\Extensions\Extensions.csproj", "{50EA98FD-47B0-40BC-A51E-3DEFB2525F2C}"
EndProject
Global
	GlobalSection(SolutionConfigurationPlatforms) = preSolution
		Debug|Any CPU = Debug|Any CPU
		DEBUG2|Any CPU = DEBUG2|Any CPU
		Release|Any CPU = Release|Any CPU
		Workshop|Any CPU = Workshop|Any CPU
	EndGlobalSection
	GlobalSection(ProjectConfigurationPlatforms) = postSolution
		{F75E7E61-C575-44A8-AA22-690CD89E9BA2}.Debug|Any CPU.ActiveCfg = Debug|Any CPU
		{F75E7E61-C575-44A8-AA22-690CD89E9BA2}.Debug|Any CPU.Build.0 = Debug|Any CPU
		{F75E7E61-C575-44A8-AA22-690CD89E9BA2}.DEBUG2|Any CPU.ActiveCfg = DEBUG2|Any CPU
		{F75E7E61-C575-44A8-AA22-690CD89E9BA2}.DEBUG2|Any CPU.Build.0 = DEBUG2|Any CPU
		{F75E7E61-C575-44A8-AA22-690CD89E9BA2}.Release|Any CPU.ActiveCfg = Release|Any CPU
		{F75E7E61-C575-44A8-AA22-690CD89E9BA2}.Release|Any CPU.Build.0 = Release|Any CPU
		{F75E7E61-C575-44A8-AA22-690CD89E9BA2}.Workshop|Any CPU.ActiveCfg = Release|Any CPU
		{F75E7E61-C575-44A8-AA22-690CD89E9BA2}.Workshop|Any CPU.Build.0 = Release|Any CPU
		{DB8FAB10-147B-484A-A18B-0EFB2B6442E9}.Debug|Any CPU.ActiveCfg = Debug|Any CPU
		{DB8FAB10-147B-484A-A18B-0EFB2B6442E9}.Debug|Any CPU.Build.0 = Debug|Any CPU
		{DB8FAB10-147B-484A-A18B-0EFB2B6442E9}.DEBUG2|Any CPU.ActiveCfg = Debug|Any CPU
		{DB8FAB10-147B-484A-A18B-0EFB2B6442E9}.DEBUG2|Any CPU.Build.0 = Debug|Any CPU
		{DB8FAB10-147B-484A-A18B-0EFB2B6442E9}.Release|Any CPU.ActiveCfg = Release|Any CPU
		{DB8FAB10-147B-484A-A18B-0EFB2B6442E9}.Release|Any CPU.Build.0 = Release|Any CPU
		{DB8FAB10-147B-484A-A18B-0EFB2B6442E9}.Workshop|Any CPU.ActiveCfg = Release|Any CPU
		{DB8FAB10-147B-484A-A18B-0EFB2B6442E9}.Workshop|Any CPU.Build.0 = Release|Any CPU
		{16FA65D4-EB2B-4863-B95E-8629F97BC9B9}.Debug|Any CPU.ActiveCfg = Debug|Any CPU
		{16FA65D4-EB2B-4863-B95E-8629F97BC9B9}.Debug|Any CPU.Build.0 = Debug|Any CPU
		{16FA65D4-EB2B-4863-B95E-8629F97BC9B9}.DEBUG2|Any CPU.ActiveCfg = DEBUG2|Any CPU
		{16FA65D4-EB2B-4863-B95E-8629F97BC9B9}.DEBUG2|Any CPU.Build.0 = DEBUG2|Any CPU
		{16FA65D4-EB2B-4863-B95E-8629F97BC9B9}.Release|Any CPU.ActiveCfg = Release|Any CPU
		{16FA65D4-EB2B-4863-B95E-8629F97BC9B9}.Release|Any CPU.Build.0 = Release|Any CPU
		{16FA65D4-EB2B-4863-B95E-8629F97BC9B9}.Workshop|Any CPU.ActiveCfg = Release|Any CPU
		{16FA65D4-EB2B-4863-B95E-8629F97BC9B9}.Workshop|Any CPU.Build.0 = Release|Any CPU
		{ABB03609-79E2-41BA-AD76-39A64906DCDD}.Debug|Any CPU.ActiveCfg = Debug|Any CPU
		{ABB03609-79E2-41BA-AD76-39A64906DCDD}.Debug|Any CPU.Build.0 = Debug|Any CPU
		{ABB03609-79E2-41BA-AD76-39A64906DCDD}.DEBUG2|Any CPU.ActiveCfg = Debug|Any CPU
		{ABB03609-79E2-41BA-AD76-39A64906DCDD}.DEBUG2|Any CPU.Build.0 = Debug|Any CPU
		{ABB03609-79E2-41BA-AD76-39A64906DCDD}.Release|Any CPU.ActiveCfg = Release|Any CPU
		{ABB03609-79E2-41BA-AD76-39A64906DCDD}.Release|Any CPU.Build.0 = Release|Any CPU
		{ABB03609-79E2-41BA-AD76-39A64906DCDD}.Workshop|Any CPU.ActiveCfg = Release|Any CPU
		{ABB03609-79E2-41BA-AD76-39A64906DCDD}.Workshop|Any CPU.Build.0 = Release|Any CPU
		{2C0E1D8A-6619-4116-98EE-3F9E6C937537}.Debug|Any CPU.ActiveCfg = Debug|Any CPU
		{2C0E1D8A-6619-4116-98EE-3F9E6C937537}.Debug|Any CPU.Build.0 = Debug|Any CPU
		{2C0E1D8A-6619-4116-98EE-3F9E6C937537}.DEBUG2|Any CPU.ActiveCfg = Debug|Any CPU
		{2C0E1D8A-6619-4116-98EE-3F9E6C937537}.DEBUG2|Any CPU.Build.0 = Debug|Any CPU
		{2C0E1D8A-6619-4116-98EE-3F9E6C937537}.Release|Any CPU.ActiveCfg = Release|Any CPU
		{2C0E1D8A-6619-4116-98EE-3F9E6C937537}.Release|Any CPU.Build.0 = Release|Any CPU
		{2C0E1D8A-6619-4116-98EE-3F9E6C937537}.Workshop|Any CPU.ActiveCfg = Release|Any CPU
		{2C0E1D8A-6619-4116-98EE-3F9E6C937537}.Workshop|Any CPU.Build.0 = Release|Any CPU
		{50EA98FD-47B0-40BC-A51E-3DEFB2525F2C}.Debug|Any CPU.ActiveCfg = Debug|Any CPU
		{50EA98FD-47B0-40BC-A51E-3DEFB2525F2C}.Debug|Any CPU.Build.0 = Debug|Any CPU
		{50EA98FD-47B0-40BC-A51E-3DEFB2525F2C}.DEBUG2|Any CPU.ActiveCfg = Debug|Any CPU
		{50EA98FD-47B0-40BC-A51E-3DEFB2525F2C}.DEBUG2|Any CPU.Build.0 = Debug|Any CPU
		{50EA98FD-47B0-40BC-A51E-3DEFB2525F2C}.Release|Any CPU.ActiveCfg = Release|Any CPU
		{50EA98FD-47B0-40BC-A51E-3DEFB2525F2C}.Release|Any CPU.Build.0 = Release|Any CPU
		{50EA98FD-47B0-40BC-A51E-3DEFB2525F2C}.Workshop|Any CPU.ActiveCfg = Release|Any CPU
		{50EA98FD-47B0-40BC-A51E-3DEFB2525F2C}.Workshop|Any CPU.Build.0 = Release|Any CPU
	EndGlobalSection
	GlobalSection(SolutionProperties) = preSolution
		HideSolutionNode = FALSE
	EndGlobalSection
	GlobalSection(ExtensibilityGlobals) = postSolution
		SolutionGuid = {E8BD5477-8A30-4573-983C-3D47F3CE2C8A}
	EndGlobalSection
EndGlobal
