
Microsoft Visual Studio Solution File, Format Version 12.00
# Visual Studio Version 17
VisualStudioVersion = 17.3.32929.385
MinimumVisualStudioVersion = 10.0.40219.1
Project("{9A19103F-16F7-4668-BE54-9A1E7A4F7556}") = "SkyveMod", "SkyveMod\SkyveMod.csproj", "{F75E7E61-C575-44A8-AA22-690CD89E9BA2}"
	ProjectSection(ProjectDependencies) = postProject
		{DB8FAB10-147B-484A-A18B-0EFB2B6442E9} = {DB8FAB10-147B-484A-A18B-0EFB2B6442E9}
	EndProjectSection
EndProject
Project("{9A19103F-16F7-4668-BE54-9A1E7A4F7556}") = "SkyveIPatch", "SkyveIPatch\SkyveIPatch.csproj", "{DB8FAB10-147B-484A-A18B-0EFB2B6442E9}"
	ProjectSection(ProjectDependencies) = postProject
		{16FA65D4-EB2B-4863-B95E-8629F97BC9B9} = {16FA65D4-EB2B-4863-B95E-8629F97BC9B9}
	EndProjectSection
EndProject
Project("{9A19103F-16F7-4668-BE54-9A1E7A4F7556}") = "SkyveInjections", "SkyveInjections\SkyveInjections.csproj", "{16FA65D4-EB2B-4863-B95E-8629F97BC9B9}"
EndProject
Project("{2150E333-8FDC-42A3-9474-1A3956D46DE8}") = "Solution Items", "Solution Items", "{FC9A01B9-57E2-40F4-B503-2441379627BA}"
	ProjectSection(SolutionItems) = preProject
		..\Skyve\Config.props = ..\Skyve\Config.props
		Version.props = Version.props
	EndProjectSection
EndProject
Project("{9A19103F-16F7-4668-BE54-9A1E7A4F7556}") = "Skyve.App", "..\Skyve\Skyve.App\Skyve.App.csproj", "{ABB03609-79E2-41BA-AD76-39A64906DCDD}"
EndProject
Project("{FAE04EC0-301F-11D3-BF4B-00C04F79EFBC}") = "SlickControls", "..\SlickControls\SlickControls.csproj", "{2C0E1D8A-6619-4116-98EE-3F9E6C937537}"
EndProject
Project("{FAE04EC0-301F-11D3-BF4B-00C04F79EFBC}") = "Extensions", "..\Extensions\Extensions\Extensions.csproj", "{50EA98FD-47B0-40BC-A51E-3DEFB2525F2C}"
EndProject
Project("{FAE04EC0-301F-11D3-BF4B-00C04F79EFBC}") = "AssemblyResolver", "AssemblyResolver\AssemblyResolver.csproj", "{00D6D8F2-A392-4E8D-870A-775193BEB042}"
EndProject
Project("{D954291E-2A0B-460D-934E-DC6B0785DB48}") = "Extensions.Sql", "..\Extensions\Extensions.Sql\Extensions.Sql.shproj", "{F37ECE4B-E1BB-4A75-97BA-FEF60F98CF96}"
EndProject
Project("{9A19103F-16F7-4668-BE54-9A1E7A4F7556}") = "Skyve.Domain", "..\Skyve\Skyve.Domain\Skyve.Domain.csproj", "{0BBE911A-263C-4E57-A237-1311C2BB4D80}"
EndProject
Project("{9A19103F-16F7-4668-BE54-9A1E7A4F7556}") = "Skyve.Systems", "..\Skyve\Skyve.Systems\Skyve.Systems.csproj", "{A7049A03-718E-4C9D-8A25-A4DAEDC80B11}"
EndProject
Project("{9A19103F-16F7-4668-BE54-9A1E7A4F7556}") = "Skyve.Systems.CS1", "Skyve.Systems.CS1\Skyve.Systems.CS1.csproj", "{191FE2C7-9C4E-4EB3-A477-9271DB409ADD}"
EndProject
Project("{9A19103F-16F7-4668-BE54-9A1E7A4F7556}") = "Skyve.Domain.CS1", "Skyve.Domain.CS1\Skyve.Domain.CS1.csproj", "{13767EC2-21A3-49AB-8D9C-0230BC0DDCE8}"
EndProject
Project("{9A19103F-16F7-4668-BE54-9A1E7A4F7556}") = "Skyve.App.CS1", "Skyve.App.CS1\Skyve.App.CS1.csproj", "{FE5B456D-D146-4D5A-8C93-D46050C85F13}"
EndProject
Global
	GlobalSection(SolutionConfigurationPlatforms) = preSolution
		Debug|Any CPU = Debug|Any CPU
		Release|Any CPU = Release|Any CPU
		Stable|Any CPU = Stable|Any CPU
	EndGlobalSection
	GlobalSection(ProjectConfigurationPlatforms) = postSolution
		{F75E7E61-C575-44A8-AA22-690CD89E9BA2}.Debug|Any CPU.ActiveCfg = Debug|Any CPU
		{F75E7E61-C575-44A8-AA22-690CD89E9BA2}.Debug|Any CPU.Build.0 = Debug|Any CPU
		{F75E7E61-C575-44A8-AA22-690CD89E9BA2}.Release|Any CPU.ActiveCfg = Release|Any CPU
		{F75E7E61-C575-44A8-AA22-690CD89E9BA2}.Release|Any CPU.Build.0 = Release|Any CPU
		{F75E7E61-C575-44A8-AA22-690CD89E9BA2}.Stable|Any CPU.ActiveCfg = Stable|Any CPU
		{F75E7E61-C575-44A8-AA22-690CD89E9BA2}.Stable|Any CPU.Build.0 = Stable|Any CPU
		{DB8FAB10-147B-484A-A18B-0EFB2B6442E9}.Debug|Any CPU.ActiveCfg = Debug|Any CPU
		{DB8FAB10-147B-484A-A18B-0EFB2B6442E9}.Debug|Any CPU.Build.0 = Debug|Any CPU
		{DB8FAB10-147B-484A-A18B-0EFB2B6442E9}.Release|Any CPU.ActiveCfg = Release|Any CPU
		{DB8FAB10-147B-484A-A18B-0EFB2B6442E9}.Release|Any CPU.Build.0 = Release|Any CPU
		{DB8FAB10-147B-484A-A18B-0EFB2B6442E9}.Stable|Any CPU.ActiveCfg = Stable|Any CPU
		{DB8FAB10-147B-484A-A18B-0EFB2B6442E9}.Stable|Any CPU.Build.0 = Stable|Any CPU
		{16FA65D4-EB2B-4863-B95E-8629F97BC9B9}.Debug|Any CPU.ActiveCfg = Debug|Any CPU
		{16FA65D4-EB2B-4863-B95E-8629F97BC9B9}.Debug|Any CPU.Build.0 = Debug|Any CPU
		{16FA65D4-EB2B-4863-B95E-8629F97BC9B9}.Release|Any CPU.ActiveCfg = Release|Any CPU
		{16FA65D4-EB2B-4863-B95E-8629F97BC9B9}.Release|Any CPU.Build.0 = Release|Any CPU
		{16FA65D4-EB2B-4863-B95E-8629F97BC9B9}.Stable|Any CPU.ActiveCfg = Stable|Any CPU
		{16FA65D4-EB2B-4863-B95E-8629F97BC9B9}.Stable|Any CPU.Build.0 = Stable|Any CPU
		{ABB03609-79E2-41BA-AD76-39A64906DCDD}.Debug|Any CPU.ActiveCfg = Debug|Any CPU
		{ABB03609-79E2-41BA-AD76-39A64906DCDD}.Debug|Any CPU.Build.0 = Debug|Any CPU
		{ABB03609-79E2-41BA-AD76-39A64906DCDD}.Release|Any CPU.ActiveCfg = Release|Any CPU
		{ABB03609-79E2-41BA-AD76-39A64906DCDD}.Release|Any CPU.Build.0 = Release|Any CPU
		{ABB03609-79E2-41BA-AD76-39A64906DCDD}.Stable|Any CPU.ActiveCfg = Stable|Any CPU
		{ABB03609-79E2-41BA-AD76-39A64906DCDD}.Stable|Any CPU.Build.0 = Stable|Any CPU
		{2C0E1D8A-6619-4116-98EE-3F9E6C937537}.Debug|Any CPU.ActiveCfg = Debug|Any CPU
		{2C0E1D8A-6619-4116-98EE-3F9E6C937537}.Debug|Any CPU.Build.0 = Debug|Any CPU
		{2C0E1D8A-6619-4116-98EE-3F9E6C937537}.Release|Any CPU.ActiveCfg = Release|Any CPU
		{2C0E1D8A-6619-4116-98EE-3F9E6C937537}.Release|Any CPU.Build.0 = Release|Any CPU
		{2C0E1D8A-6619-4116-98EE-3F9E6C937537}.Stable|Any CPU.ActiveCfg = Stable|Any CPU
		{2C0E1D8A-6619-4116-98EE-3F9E6C937537}.Stable|Any CPU.Build.0 = Stable|Any CPU
		{50EA98FD-47B0-40BC-A51E-3DEFB2525F2C}.Debug|Any CPU.ActiveCfg = Debug|Any CPU
		{50EA98FD-47B0-40BC-A51E-3DEFB2525F2C}.Debug|Any CPU.Build.0 = Debug|Any CPU
		{50EA98FD-47B0-40BC-A51E-3DEFB2525F2C}.Release|Any CPU.ActiveCfg = Release|Any CPU
		{50EA98FD-47B0-40BC-A51E-3DEFB2525F2C}.Release|Any CPU.Build.0 = Release|Any CPU
		{50EA98FD-47B0-40BC-A51E-3DEFB2525F2C}.Stable|Any CPU.ActiveCfg = Stable|Any CPU
		{50EA98FD-47B0-40BC-A51E-3DEFB2525F2C}.Stable|Any CPU.Build.0 = Stable|Any CPU
		{00D6D8F2-A392-4E8D-870A-775193BEB042}.Debug|Any CPU.ActiveCfg = Debug|Any CPU
		{00D6D8F2-A392-4E8D-870A-775193BEB042}.Debug|Any CPU.Build.0 = Debug|Any CPU
		{00D6D8F2-A392-4E8D-870A-775193BEB042}.Release|Any CPU.ActiveCfg = Release|Any CPU
		{00D6D8F2-A392-4E8D-870A-775193BEB042}.Release|Any CPU.Build.0 = Release|Any CPU
		{00D6D8F2-A392-4E8D-870A-775193BEB042}.Stable|Any CPU.ActiveCfg = Stable|Any CPU
		{00D6D8F2-A392-4E8D-870A-775193BEB042}.Stable|Any CPU.Build.0 = Stable|Any CPU
		{0BBE911A-263C-4E57-A237-1311C2BB4D80}.Debug|Any CPU.ActiveCfg = Debug|Any CPU
		{0BBE911A-263C-4E57-A237-1311C2BB4D80}.Debug|Any CPU.Build.0 = Debug|Any CPU
		{0BBE911A-263C-4E57-A237-1311C2BB4D80}.Release|Any CPU.ActiveCfg = Release|Any CPU
		{0BBE911A-263C-4E57-A237-1311C2BB4D80}.Release|Any CPU.Build.0 = Release|Any CPU
		{0BBE911A-263C-4E57-A237-1311C2BB4D80}.Stable|Any CPU.ActiveCfg = Stable|Any CPU
		{0BBE911A-263C-4E57-A237-1311C2BB4D80}.Stable|Any CPU.Build.0 = Stable|Any CPU
		{A7049A03-718E-4C9D-8A25-A4DAEDC80B11}.Debug|Any CPU.ActiveCfg = Debug|Any CPU
		{A7049A03-718E-4C9D-8A25-A4DAEDC80B11}.Debug|Any CPU.Build.0 = Debug|Any CPU
		{A7049A03-718E-4C9D-8A25-A4DAEDC80B11}.Release|Any CPU.ActiveCfg = Release|Any CPU
		{A7049A03-718E-4C9D-8A25-A4DAEDC80B11}.Release|Any CPU.Build.0 = Release|Any CPU
		{A7049A03-718E-4C9D-8A25-A4DAEDC80B11}.Stable|Any CPU.ActiveCfg = Stable|Any CPU
		{A7049A03-718E-4C9D-8A25-A4DAEDC80B11}.Stable|Any CPU.Build.0 = Stable|Any CPU
		{191FE2C7-9C4E-4EB3-A477-9271DB409ADD}.Debug|Any CPU.ActiveCfg = Debug|Any CPU
		{191FE2C7-9C4E-4EB3-A477-9271DB409ADD}.Debug|Any CPU.Build.0 = Debug|Any CPU
		{191FE2C7-9C4E-4EB3-A477-9271DB409ADD}.Release|Any CPU.ActiveCfg = Release|Any CPU
		{191FE2C7-9C4E-4EB3-A477-9271DB409ADD}.Release|Any CPU.Build.0 = Release|Any CPU
		{191FE2C7-9C4E-4EB3-A477-9271DB409ADD}.Stable|Any CPU.ActiveCfg = Stable|Any CPU
		{191FE2C7-9C4E-4EB3-A477-9271DB409ADD}.Stable|Any CPU.Build.0 = Stable|Any CPU
		{13767EC2-21A3-49AB-8D9C-0230BC0DDCE8}.Debug|Any CPU.ActiveCfg = Debug|Any CPU
		{13767EC2-21A3-49AB-8D9C-0230BC0DDCE8}.Debug|Any CPU.Build.0 = Debug|Any CPU
		{13767EC2-21A3-49AB-8D9C-0230BC0DDCE8}.Release|Any CPU.ActiveCfg = Release|Any CPU
		{13767EC2-21A3-49AB-8D9C-0230BC0DDCE8}.Release|Any CPU.Build.0 = Release|Any CPU
		{13767EC2-21A3-49AB-8D9C-0230BC0DDCE8}.Stable|Any CPU.ActiveCfg = Stable|Any CPU
		{13767EC2-21A3-49AB-8D9C-0230BC0DDCE8}.Stable|Any CPU.Build.0 = Stable|Any CPU
		{FE5B456D-D146-4D5A-8C93-D46050C85F13}.Debug|Any CPU.ActiveCfg = Debug|Any CPU
		{FE5B456D-D146-4D5A-8C93-D46050C85F13}.Debug|Any CPU.Build.0 = Debug|Any CPU
		{FE5B456D-D146-4D5A-8C93-D46050C85F13}.Release|Any CPU.ActiveCfg = Release|Any CPU
		{FE5B456D-D146-4D5A-8C93-D46050C85F13}.Release|Any CPU.Build.0 = Release|Any CPU
		{FE5B456D-D146-4D5A-8C93-D46050C85F13}.Stable|Any CPU.ActiveCfg = Stable|Any CPU
		{FE5B456D-D146-4D5A-8C93-D46050C85F13}.Stable|Any CPU.Build.0 = Stable|Any CPU
	EndGlobalSection
	GlobalSection(SolutionProperties) = preSolution
		HideSolutionNode = FALSE
	EndGlobalSection
	GlobalSection(ExtensibilityGlobals) = postSolution
		SolutionGuid = {E8BD5477-8A30-4573-983C-3D47F3CE2C8A}
	EndGlobalSection
	GlobalSection(SharedMSBuildProjectFiles) = preSolution
		..\Extensions\Extensions.Sql\Extensions.Sql.projitems*{0bbe911a-263c-4e57-a237-1311c2bb4d80}*SharedItemsImports = 5
		..\Extensions\Extensions.Sql\Extensions.Sql.projitems*{f37ece4b-e1bb-4a75-97ba-fef60f98cf96}*SharedItemsImports = 13
	EndGlobalSection
EndGlobal
